// !$*UTF8*$!
{
	archiveVersion = 1;
	classes = {
	};
	objectVersion = 50;
	objects = {

/* Begin PBXBuildFile section */
		3A442EAB232CD881007AE258 /* BMSimpleFDN.c in Sources */ = {isa = PBXBuildFile; fileRef = 3A442EAA232CD881007AE258 /* BMSimpleFDN.c */; };
		3A442EAE232CFE4D007AE258 /* BMFFT.c in Sources */ = {isa = PBXBuildFile; fileRef = 3A442EAD232CFE4D007AE258 /* BMFFT.c */; };
		3A442EB1232D0A3E007AE258 /* BMSFM.c in Sources */ = {isa = PBXBuildFile; fileRef = 3A442EB0232D0A3E007AE258 /* BMSFM.c */; };
		3A6A32A922CF357300DEEDFA /* BMQuadraticThreshold.c in Sources */ = {isa = PBXBuildFile; fileRef = 3A6A32A822CF357300DEEDFA /* BMQuadraticThreshold.c */; };
		3A7FDAF7231684170090EC36 /* BMChamberlinSVF.c in Sources */ = {isa = PBXBuildFile; fileRef = 3A7FDAF6231684170090EC36 /* BMChamberlinSVF.c */; };
		3A874E9522F157B800B97FC2 /* BMTanhLimiter.c in Sources */ = {isa = PBXBuildFile; fileRef = 3A874E9422F157B800B97FC2 /* BMTanhLimiter.c */; };
		3A95396422CB50CD0058A586 /* BMZavalishinLPFOrder1.c in Sources */ = {isa = PBXBuildFile; fileRef = 3A95396322CB50CD0058A586 /* BMZavalishinLPFOrder1.c */; };
		3A9E06C122E1651100ECB53B /* BMIIRDownsampler2x.c in Sources */ = {isa = PBXBuildFile; fileRef = 3A9E06BF22E1651100ECB53B /* BMIIRDownsampler2x.c */; };
		3A9E06C722E1693D00ECB53B /* BMIIRUpsampler2x.c in Sources */ = {isa = PBXBuildFile; fileRef = 3A9E06C622E1693D00ECB53B /* BMIIRUpsampler2x.c */; };
		3AAEA15422B3420B0066D852 /* BMHoldPeak.c in Sources */ = {isa = PBXBuildFile; fileRef = 3AAEA15322B3420B0066D852 /* BMHoldPeak.c */; };
		3AB0E8FB22CDB81900B0394F /* BMTransientShaper.c in Sources */ = {isa = PBXBuildFile; fileRef = 3AB0E8F622CDB81900B0394F /* BMTransientShaper.c */; };
		3AB0E8FC22CDB81900B0394F /* BMQuadraticRectifier.c in Sources */ = {isa = PBXBuildFile; fileRef = 3AB0E8F822CDB81900B0394F /* BMQuadraticRectifier.c */; };
		3AB0E90022CDBC8A00B0394F /* BMWaveshaping.c in Sources */ = {isa = PBXBuildFile; fileRef = 3AB0E8FF22CDBC8A00B0394F /* BMWaveshaping.c */; };
		3AB41758229F843500AECC6E /* BMVariableFilter.c in Sources */ = {isa = PBXBuildFile; fileRef = 3AB41757229F843500AECC6E /* BMVariableFilter.c */; };
		3AB4175B22A61DBF00AECC6E /* BMLevelMeter.c in Sources */ = {isa = PBXBuildFile; fileRef = 3AB4175922A61DBF00AECC6E /* BMLevelMeter.c */; };
		3AEB17BC228AAA54004C7E4E /* BMWetDryMixer.c in Sources */ = {isa = PBXBuildFile; fileRef = 3AEB17B9228AAA54004C7E4E /* BMWetDryMixer.c */; };
		3AEB17BD228AAA54004C7E4E /* BMSmoothGain.c in Sources */ = {isa = PBXBuildFile; fileRef = 3AEB17BB228AAA54004C7E4E /* BMSmoothGain.c */; };
		3AEEF23B22D8864D00A3C5B5 /* BMPolyphaseIIR2Designer.c in Sources */ = {isa = PBXBuildFile; fileRef = 3AEEF23A22D8864D00A3C5B5 /* BMPolyphaseIIR2Designer.c */; };
		4C0FD74D2280186500995864 /* BMBinauralSynthesis.c in Sources */ = {isa = PBXBuildFile; fileRef = 4C0FD74C2280186500995864 /* BMBinauralSynthesis.c */; };
		4C688A382244CF6700E3B1E6 /* main.c in Sources */ = {isa = PBXBuildFile; fileRef = 4C688A372244CF6700E3B1E6 /* main.c */; };
		4C8E3C9C22F0288E00B17824 /* BMVAStateVariableFilter.c in Sources */ = {isa = PBXBuildFile; fileRef = 4C8E3C9B22F0288E00B17824 /* BMVAStateVariableFilter.c */; };
		4CC13A672244D80B003FA1B9 /* BMVelvetNoiseDecorrelator.c in Sources */ = {isa = PBXBuildFile; fileRef = 4CC139F22244D80B003FA1B9 /* BMVelvetNoiseDecorrelator.c */; };
		4CC13A682244D80B003FA1B9 /* BMDiffusion.c in Sources */ = {isa = PBXBuildFile; fileRef = 4CC139F52244D80B003FA1B9 /* BMDiffusion.c */; };
		4CC13A692244D80B003FA1B9 /* BMMultiLevelSVF.c in Sources */ = {isa = PBXBuildFile; fileRef = 4CC139F62244D80B003FA1B9 /* BMMultiLevelSVF.c */; };
		4CC13A6A2244D80B003FA1B9 /* BMCrossover.c in Sources */ = {isa = PBXBuildFile; fileRef = 4CC139FA2244D80B003FA1B9 /* BMCrossover.c */; };
		4CC13A6B2244D80B003FA1B9 /* BMFIRFilter.c in Sources */ = {isa = PBXBuildFile; fileRef = 4CC139FB2244D80B003FA1B9 /* BMFIRFilter.c */; };
		4CC13A6C2244D80B003FA1B9 /* BMDynamicSmoothingFilter.c in Sources */ = {isa = PBXBuildFile; fileRef = 4CC139FC2244D80B003FA1B9 /* BMDynamicSmoothingFilter.c */; };
		4CC13A6D2244D80B003FA1B9 /* BMStereoModulator.c in Sources */ = {isa = PBXBuildFile; fileRef = 4CC139FD2244D80B003FA1B9 /* BMStereoModulator.c */; };
		4CC13A6E2244D80B003FA1B9 /* BMVelocityFilter.c in Sources */ = {isa = PBXBuildFile; fileRef = 4CC139FF2244D80B003FA1B9 /* BMVelocityFilter.c */; };
		4CC13A6F2244D80B003FA1B9 /* BMTNFilter.c in Sources */ = {isa = PBXBuildFile; fileRef = 4CC13A002244D80B003FA1B9 /* BMTNFilter.c */; };
		4CC13A702244D80B003FA1B9 /* BMBiquadArray.c in Sources */ = {isa = PBXBuildFile; fileRef = 4CC13A022244D80B003FA1B9 /* BMBiquadArray.c */; };
		4CC13A712244D80B003FA1B9 /* BMRoundRobinFilter.c in Sources */ = {isa = PBXBuildFile; fileRef = 4CC13A042244D80B003FA1B9 /* BMRoundRobinFilter.c */; };
		4CC13A722244D80B003FA1B9 /* BMMultiLevelBiquad.c in Sources */ = {isa = PBXBuildFile; fileRef = 4CC13A082244D80B003FA1B9 /* BMMultiLevelBiquad.c */; };
		4CC13A732244D80B003FA1B9 /* BMRoundRobin.c in Sources */ = {isa = PBXBuildFile; fileRef = 4CC13A092244D80B003FA1B9 /* BMRoundRobin.c */; };
		4CC13A742244D80B003FA1B9 /* BMLFO.c in Sources */ = {isa = PBXBuildFile; fileRef = 4CC13A0C2244D80B003FA1B9 /* BMLFO.c */; };
		4CC13A752244D80B003FA1B9 /* BMOscillatorArray.c in Sources */ = {isa = PBXBuildFile; fileRef = 4CC13A0D2244D80B003FA1B9 /* BMOscillatorArray.c */; };
		4CC13A762244D80B003FA1B9 /* BMQuadratureOscillator.c in Sources */ = {isa = PBXBuildFile; fileRef = 4CC13A0E2244D80B003FA1B9 /* BMQuadratureOscillator.c */; };
		4CC13A772244D80B003FA1B9 /* BMEarlyReflections.c in Sources */ = {isa = PBXBuildFile; fileRef = 4CC13A122244D80B003FA1B9 /* BMEarlyReflections.c */; };
		4CC13A782244D80B003FA1B9 /* TestReverb.c in Sources */ = {isa = PBXBuildFile; fileRef = 4CC13A172244D80B003FA1B9 /* TestReverb.c */; };
		4CC13A792244D80B003FA1B9 /* BMSimpleDelay.c in Sources */ = {isa = PBXBuildFile; fileRef = 4CC13A182244D80B003FA1B9 /* BMSimpleDelay.c */; };
		4CC13A7A2244D80B003FA1B9 /* BMStaticDelay.c in Sources */ = {isa = PBXBuildFile; fileRef = 4CC13A1B2244D80B003FA1B9 /* BMStaticDelay.c */; };
		4CC13A7B2244D80B003FA1B9 /* BMMultiTapDelay.c in Sources */ = {isa = PBXBuildFile; fileRef = 4CC13A1C2244D80B003FA1B9 /* BMMultiTapDelay.c */; };
		4CC13A7C2244D80B003FA1B9 /* BMReverb.c in Sources */ = {isa = PBXBuildFile; fileRef = 4CC13A1D2244D80B003FA1B9 /* BMReverb.c */; };
		4CC13A7D2244D80B003FA1B9 /* BMInterpolatedDelay.c in Sources */ = {isa = PBXBuildFile; fileRef = 4CC13A1F2244D80B003FA1B9 /* BMInterpolatedDelay.c */; };
		4CC13A7E2244D80B003FA1B9 /* BMVelvetNoise.c in Sources */ = {isa = PBXBuildFile; fileRef = 4CC13A202244D80B003FA1B9 /* BMVelvetNoise.c */; };
		4CC13A7F2244D80B003FA1B9 /* BMLagrangeInterpolationTable.c in Sources */ = {isa = PBXBuildFile; fileRef = 4CC13A232244D80B003FA1B9 /* BMLagrangeInterpolationTable.c */; };
		4CC13A802244D80B003FA1B9 /* BMLagrangeInterpolation.c in Sources */ = {isa = PBXBuildFile; fileRef = 4CC13A252244D80B003FA1B9 /* BMLagrangeInterpolation.c */; };
		4CC13A812244D80B003FA1B9 /* BMGetOSVersion.c in Sources */ = {isa = PBXBuildFile; fileRef = 4CC13A3A2244D80B003FA1B9 /* BMGetOSVersion.c */; };
		4CC13A822244D80B003FA1B9 /* BMVibrato.c in Sources */ = {isa = PBXBuildFile; fileRef = 4CC13A3E2244D80B003FA1B9 /* BMVibrato.c */; };
		4CC13A832244D80B003FA1B9 /* BMSpectrum.c in Sources */ = {isa = PBXBuildFile; fileRef = 4CC13A3F2244D80B003FA1B9 /* BMSpectrum.c */; };
		4CC13A842244D80B003FA1B9 /* BMTremolo.c in Sources */ = {isa = PBXBuildFile; fileRef = 4CC13A402244D80B003FA1B9 /* BMTremolo.c */; };
		4CC13A852244D80B003FA1B9 /* BMStereoWidener.c in Sources */ = {isa = PBXBuildFile; fileRef = 4CC13A412244D80B003FA1B9 /* BMStereoWidener.c */; };
		4CC13A862244D80B003FA1B9 /* BMOffset.c in Sources */ = {isa = PBXBuildFile; fileRef = 4CC13A472244D80B003FA1B9 /* BMOffset.c */; };
		4CC13A872244D80B003FA1B9 /* BMUpsampler.c in Sources */ = {isa = PBXBuildFile; fileRef = 4CC13A4F2244D80B003FA1B9 /* BMUpsampler.c */; };
		4CC13A882244D80B003FA1B9 /* BMDownsampler.c in Sources */ = {isa = PBXBuildFile; fileRef = 4CC13A502244D80B003FA1B9 /* BMDownsampler.c */; };
		4CC13A8A2244D80B003FA1B9 /* BMEnvelopeFollower.c in Sources */ = {isa = PBXBuildFile; fileRef = 4CC13A532244D80B003FA1B9 /* BMEnvelopeFollower.c */; };
		4CC13A8B2244D80B003FA1B9 /* BMGainStage.c in Sources */ = {isa = PBXBuildFile; fileRef = 4CC13A542244D80B003FA1B9 /* BMGainStage.c */; };
		4CC13A8C2244D80B003FA1B9 /* BMNoiseGate.c in Sources */ = {isa = PBXBuildFile; fileRef = 4CC13A552244D80B003FA1B9 /* BMNoiseGate.c */; };
		4CC13A8D2244D80B003FA1B9 /* BMCompressor.c in Sources */ = {isa = PBXBuildFile; fileRef = 4CC13A562244D80B003FA1B9 /* BMCompressor.c */; };
		4CC13A8F2244D80B003FA1B9 /* BMDCBlocker.c in Sources */ = {isa = PBXBuildFile; fileRef = 4CC13A582244D80B003FA1B9 /* BMDCBlocker.c */; };
		4CC13A902244D80B003FA1B9 /* BMRMSPower.c in Sources */ = {isa = PBXBuildFile; fileRef = 4CC13A602244D80B003FA1B9 /* BMRMSPower.c */; };
		4CC13A912244D80B003FA1B9 /* TPCircularBuffer+AudioBufferList.c in Sources */ = {isa = PBXBuildFile; fileRef = 4CC13A632244D80B003FA1B9 /* TPCircularBuffer+AudioBufferList.c */; };
		4CC13A922244D80B003FA1B9 /* TPCircularBuffer.c in Sources */ = {isa = PBXBuildFile; fileRef = 4CC13A652244D80B003FA1B9 /* TPCircularBuffer.c */; };
		4CC13A952244D85C003FA1B9 /* BMStereoLagTime.c in Sources */ = {isa = PBXBuildFile; fileRef = 4CC13A942244D85C003FA1B9 /* BMStereoLagTime.c */; };
/* End PBXBuildFile section */

/* Begin PBXCopyFilesBuildPhase section */
		4C688A322244CF6700E3B1E6 /* CopyFiles */ = {
			isa = PBXCopyFilesBuildPhase;
			buildActionMask = 2147483647;
			dstPath = /usr/share/man/man1/;
			dstSubfolderSpec = 0;
			files = (
			);
			runOnlyForDeploymentPostprocessing = 1;
		};
/* End PBXCopyFilesBuildPhase section */

/* Begin PBXFileReference section */
		3A442EA9232CD881007AE258 /* BMSimpleFDN.h */ = {isa = PBXFileReference; lastKnownFileType = sourcecode.c.h; path = BMSimpleFDN.h; sourceTree = "<group>"; };
		3A442EAA232CD881007AE258 /* BMSimpleFDN.c */ = {isa = PBXFileReference; lastKnownFileType = sourcecode.c.c; path = BMSimpleFDN.c; sourceTree = "<group>"; };
		3A442EAC232CFE4D007AE258 /* BMFFT.h */ = {isa = PBXFileReference; lastKnownFileType = sourcecode.c.h; path = BMFFT.h; sourceTree = "<group>"; };
		3A442EAD232CFE4D007AE258 /* BMFFT.c */ = {isa = PBXFileReference; lastKnownFileType = sourcecode.c.c; path = BMFFT.c; sourceTree = "<group>"; };
		3A442EAF232D0A3E007AE258 /* BMSFM.h */ = {isa = PBXFileReference; lastKnownFileType = sourcecode.c.h; path = BMSFM.h; sourceTree = "<group>"; };
		3A442EB0232D0A3E007AE258 /* BMSFM.c */ = {isa = PBXFileReference; lastKnownFileType = sourcecode.c.c; path = BMSFM.c; sourceTree = "<group>"; };
		3A6A32A822CF357300DEEDFA /* BMQuadraticThreshold.c */ = {isa = PBXFileReference; fileEncoding = 4; lastKnownFileType = sourcecode.c.c; path = BMQuadraticThreshold.c; sourceTree = "<group>"; };
		3A7FDAF5231684170090EC36 /* BMChamberlinSVF.h */ = {isa = PBXFileReference; lastKnownFileType = sourcecode.c.h; path = BMChamberlinSVF.h; sourceTree = "<group>"; };
		3A7FDAF6231684170090EC36 /* BMChamberlinSVF.c */ = {isa = PBXFileReference; lastKnownFileType = sourcecode.c.c; path = BMChamberlinSVF.c; sourceTree = "<group>"; };
		3A874E9322F157B800B97FC2 /* BMTanhLimiter.h */ = {isa = PBXFileReference; lastKnownFileType = sourcecode.c.h; path = BMTanhLimiter.h; sourceTree = "<group>"; };
		3A874E9422F157B800B97FC2 /* BMTanhLimiter.c */ = {isa = PBXFileReference; lastKnownFileType = sourcecode.c.c; path = BMTanhLimiter.c; sourceTree = "<group>"; };
		3A95396222CB50CD0058A586 /* BMZavalishinLPFOrder1.h */ = {isa = PBXFileReference; lastKnownFileType = sourcecode.c.h; path = BMZavalishinLPFOrder1.h; sourceTree = "<group>"; };
		3A95396322CB50CD0058A586 /* BMZavalishinLPFOrder1.c */ = {isa = PBXFileReference; lastKnownFileType = sourcecode.c.c; path = BMZavalishinLPFOrder1.c; sourceTree = "<group>"; };
		3A9E06BF22E1651100ECB53B /* BMIIRDownsampler2x.c */ = {isa = PBXFileReference; fileEncoding = 4; lastKnownFileType = sourcecode.c.c; path = BMIIRDownsampler2x.c; sourceTree = "<group>"; };
		3A9E06C022E1651100ECB53B /* BMIIRDownsampler2x.h */ = {isa = PBXFileReference; fileEncoding = 4; lastKnownFileType = sourcecode.c.h; path = BMIIRDownsampler2x.h; sourceTree = "<group>"; };
		3A9E06C522E1693D00ECB53B /* BMIIRUpsampler2x.h */ = {isa = PBXFileReference; lastKnownFileType = sourcecode.c.h; path = BMIIRUpsampler2x.h; sourceTree = "<group>"; };
		3A9E06C622E1693D00ECB53B /* BMIIRUpsampler2x.c */ = {isa = PBXFileReference; lastKnownFileType = sourcecode.c.c; path = BMIIRUpsampler2x.c; sourceTree = "<group>"; };
		3A9E06C822E16FE800ECB53B /* BMInterleaver.h */ = {isa = PBXFileReference; lastKnownFileType = sourcecode.c.h; path = BMInterleaver.h; sourceTree = "<group>"; };
		3AAEA15222B3420B0066D852 /* BMHoldPeak.h */ = {isa = PBXFileReference; lastKnownFileType = sourcecode.c.h; path = BMHoldPeak.h; sourceTree = "<group>"; };
		3AAEA15322B3420B0066D852 /* BMHoldPeak.c */ = {isa = PBXFileReference; lastKnownFileType = sourcecode.c.c; path = BMHoldPeak.c; sourceTree = "<group>"; };
		3AB0E8F522CDB81900B0394F /* BMQuadraticThreshold.h */ = {isa = PBXFileReference; fileEncoding = 4; lastKnownFileType = sourcecode.c.h; path = BMQuadraticThreshold.h; sourceTree = "<group>"; };
		3AB0E8F622CDB81900B0394F /* BMTransientShaper.c */ = {isa = PBXFileReference; fileEncoding = 4; lastKnownFileType = sourcecode.c.c; path = BMTransientShaper.c; sourceTree = "<group>"; };
		3AB0E8F722CDB81900B0394F /* BMQuadraticRectifier.h */ = {isa = PBXFileReference; fileEncoding = 4; lastKnownFileType = sourcecode.c.h; path = BMQuadraticRectifier.h; sourceTree = "<group>"; };
		3AB0E8F822CDB81900B0394F /* BMQuadraticRectifier.c */ = {isa = PBXFileReference; fileEncoding = 4; lastKnownFileType = sourcecode.c.c; path = BMQuadraticRectifier.c; sourceTree = "<group>"; };
		3AB0E8F922CDB81900B0394F /* BMTransientShaper.h */ = {isa = PBXFileReference; fileEncoding = 4; lastKnownFileType = sourcecode.c.h; path = BMTransientShaper.h; sourceTree = "<group>"; };
		3AB0E8FE22CDBC8A00B0394F /* BMWaveshaping.h */ = {isa = PBXFileReference; lastKnownFileType = sourcecode.c.h; path = BMWaveshaping.h; sourceTree = "<group>"; };
		3AB0E8FF22CDBC8A00B0394F /* BMWaveshaping.c */ = {isa = PBXFileReference; lastKnownFileType = sourcecode.c.c; path = BMWaveshaping.c; sourceTree = "<group>"; };
		3AB41756229F843500AECC6E /* BMVariableFilter.h */ = {isa = PBXFileReference; lastKnownFileType = sourcecode.c.h; path = BMVariableFilter.h; sourceTree = "<group>"; };
		3AB41757229F843500AECC6E /* BMVariableFilter.c */ = {isa = PBXFileReference; lastKnownFileType = sourcecode.c.c; path = BMVariableFilter.c; sourceTree = "<group>"; };
		3AB4175922A61DBF00AECC6E /* BMLevelMeter.c */ = {isa = PBXFileReference; fileEncoding = 4; lastKnownFileType = sourcecode.c.c; path = BMLevelMeter.c; sourceTree = "<group>"; };
		3AB4175A22A61DBF00AECC6E /* BMLevelMeter.h */ = {isa = PBXFileReference; fileEncoding = 4; lastKnownFileType = sourcecode.c.h; path = BMLevelMeter.h; sourceTree = "<group>"; };
		3AEB17B8228AAA54004C7E4E /* BMSmoothGain.h */ = {isa = PBXFileReference; fileEncoding = 4; lastKnownFileType = sourcecode.c.h; path = BMSmoothGain.h; sourceTree = "<group>"; };
		3AEB17B9228AAA54004C7E4E /* BMWetDryMixer.c */ = {isa = PBXFileReference; fileEncoding = 4; lastKnownFileType = sourcecode.c.c; path = BMWetDryMixer.c; sourceTree = "<group>"; };
		3AEB17BA228AAA54004C7E4E /* BMWetDryMixer.h */ = {isa = PBXFileReference; fileEncoding = 4; lastKnownFileType = sourcecode.c.h; path = BMWetDryMixer.h; sourceTree = "<group>"; };
		3AEB17BB228AAA54004C7E4E /* BMSmoothGain.c */ = {isa = PBXFileReference; fileEncoding = 4; lastKnownFileType = sourcecode.c.c; path = BMSmoothGain.c; sourceTree = "<group>"; };
		3AEEF23922D8864D00A3C5B5 /* BMPolyphaseIIR2Designer.h */ = {isa = PBXFileReference; lastKnownFileType = sourcecode.c.h; path = BMPolyphaseIIR2Designer.h; sourceTree = "<group>"; };
		3AEEF23A22D8864D00A3C5B5 /* BMPolyphaseIIR2Designer.c */ = {isa = PBXFileReference; lastKnownFileType = sourcecode.c.c; path = BMPolyphaseIIR2Designer.c; sourceTree = "<group>"; };
		3AEEF23C22D88B1800A3C5B5 /* BMHIIRMath.h */ = {isa = PBXFileReference; lastKnownFileType = sourcecode.c.h; path = BMHIIRMath.h; sourceTree = "<group>"; };
		4C0FD74B2280186500995864 /* BMBinauralSynthesis.h */ = {isa = PBXFileReference; lastKnownFileType = sourcecode.c.h; path = BMBinauralSynthesis.h; sourceTree = "<group>"; };
		4C0FD74C2280186500995864 /* BMBinauralSynthesis.c */ = {isa = PBXFileReference; lastKnownFileType = sourcecode.c.c; path = BMBinauralSynthesis.c; sourceTree = "<group>"; };
		4C688A342244CF6700E3B1E6 /* AudioFiltersXcodeProject */ = {isa = PBXFileReference; explicitFileType = "compiled.mach-o.executable"; includeInIndex = 0; path = AudioFiltersXcodeProject; sourceTree = BUILT_PRODUCTS_DIR; };
		4C688A372244CF6700E3B1E6 /* main.c */ = {isa = PBXFileReference; lastKnownFileType = sourcecode.c.c; path = main.c; sourceTree = "<group>"; };
		4C8E3C9A22F0288E00B17824 /* BMVAStateVariableFilter.h */ = {isa = PBXFileReference; lastKnownFileType = sourcecode.c.h; path = BMVAStateVariableFilter.h; sourceTree = "<group>"; };
		4C8E3C9B22F0288E00B17824 /* BMVAStateVariableFilter.c */ = {isa = PBXFileReference; lastKnownFileType = sourcecode.c.c; path = BMVAStateVariableFilter.c; sourceTree = "<group>"; };
		4C8E3C9D22F0331D00B17824 /* DspUtilities.h */ = {isa = PBXFileReference; fileEncoding = 4; lastKnownFileType = sourcecode.c.h; path = DspUtilities.h; sourceTree = "<group>"; };
		4C8E3C9E22F0331D00B17824 /* LinearSmoothedValue.h */ = {isa = PBXFileReference; fileEncoding = 4; lastKnownFileType = sourcecode.c.h; path = LinearSmoothedValue.h; sourceTree = "<group>"; };
		4CC139F02244D80B003FA1B9 /* BMVelocityFilter.h */ = {isa = PBXFileReference; fileEncoding = 4; lastKnownFileType = sourcecode.c.h; path = BMVelocityFilter.h; sourceTree = "<group>"; };
		4CC139F12244D80B003FA1B9 /* BMStereoModulator.h */ = {isa = PBXFileReference; fileEncoding = 4; lastKnownFileType = sourcecode.c.h; path = BMStereoModulator.h; sourceTree = "<group>"; };
		4CC139F22244D80B003FA1B9 /* BMVelvetNoiseDecorrelator.c */ = {isa = PBXFileReference; fileEncoding = 4; lastKnownFileType = sourcecode.c.c; path = BMVelvetNoiseDecorrelator.c; sourceTree = "<group>"; };
		4CC139F32244D80B003FA1B9 /* BMTNFilter.h */ = {isa = PBXFileReference; fileEncoding = 4; lastKnownFileType = sourcecode.c.h; path = BMTNFilter.h; sourceTree = "<group>"; };
		4CC139F42244D80B003FA1B9 /* BMRoundRobinFilter.h */ = {isa = PBXFileReference; fileEncoding = 4; lastKnownFileType = sourcecode.c.h; path = BMRoundRobinFilter.h; sourceTree = "<group>"; };
		4CC139F52244D80B003FA1B9 /* BMDiffusion.c */ = {isa = PBXFileReference; fileEncoding = 4; lastKnownFileType = sourcecode.c.c; path = BMDiffusion.c; sourceTree = "<group>"; };
		4CC139F62244D80B003FA1B9 /* BMMultiLevelSVF.c */ = {isa = PBXFileReference; fileEncoding = 4; lastKnownFileType = sourcecode.c.c; path = BMMultiLevelSVF.c; sourceTree = "<group>"; };
		4CC139F72244D80B003FA1B9 /* BMBiquadArray.h */ = {isa = PBXFileReference; fileEncoding = 4; lastKnownFileType = sourcecode.c.h; path = BMBiquadArray.h; sourceTree = "<group>"; };
		4CC139F82244D80B003FA1B9 /* BMRoundRobin.h */ = {isa = PBXFileReference; fileEncoding = 4; lastKnownFileType = sourcecode.c.h; path = BMRoundRobin.h; sourceTree = "<group>"; };
		4CC139F92244D80B003FA1B9 /* BMMultiLevelBiquad.h */ = {isa = PBXFileReference; fileEncoding = 4; lastKnownFileType = sourcecode.c.h; path = BMMultiLevelBiquad.h; sourceTree = "<group>"; };
		4CC139FA2244D80B003FA1B9 /* BMCrossover.c */ = {isa = PBXFileReference; fileEncoding = 4; lastKnownFileType = sourcecode.c.c; path = BMCrossover.c; sourceTree = "<group>"; };
		4CC139FB2244D80B003FA1B9 /* BMFIRFilter.c */ = {isa = PBXFileReference; fileEncoding = 4; lastKnownFileType = sourcecode.c.c; path = BMFIRFilter.c; sourceTree = "<group>"; };
		4CC139FC2244D80B003FA1B9 /* BMDynamicSmoothingFilter.c */ = {isa = PBXFileReference; fileEncoding = 4; lastKnownFileType = sourcecode.c.c; path = BMDynamicSmoothingFilter.c; sourceTree = "<group>"; };
		4CC139FD2244D80B003FA1B9 /* BMStereoModulator.c */ = {isa = PBXFileReference; fileEncoding = 4; lastKnownFileType = sourcecode.c.c; path = BMStereoModulator.c; sourceTree = "<group>"; };
		4CC139FE2244D80B003FA1B9 /* BMVelvetNoiseDecorrelator.h */ = {isa = PBXFileReference; fileEncoding = 4; lastKnownFileType = sourcecode.c.h; path = BMVelvetNoiseDecorrelator.h; sourceTree = "<group>"; };
		4CC139FF2244D80B003FA1B9 /* BMVelocityFilter.c */ = {isa = PBXFileReference; fileEncoding = 4; lastKnownFileType = sourcecode.c.c; path = BMVelocityFilter.c; sourceTree = "<group>"; };
		4CC13A002244D80B003FA1B9 /* BMTNFilter.c */ = {isa = PBXFileReference; fileEncoding = 4; lastKnownFileType = sourcecode.c.c; path = BMTNFilter.c; sourceTree = "<group>"; };
		4CC13A012244D80B003FA1B9 /* BMDiffusion.h */ = {isa = PBXFileReference; fileEncoding = 4; lastKnownFileType = sourcecode.c.h; path = BMDiffusion.h; sourceTree = "<group>"; };
		4CC13A022244D80B003FA1B9 /* BMBiquadArray.c */ = {isa = PBXFileReference; fileEncoding = 4; lastKnownFileType = sourcecode.c.c; path = BMBiquadArray.c; sourceTree = "<group>"; };
		4CC13A032244D80B003FA1B9 /* BMMultiLevelSVF.h */ = {isa = PBXFileReference; fileEncoding = 4; lastKnownFileType = sourcecode.c.h; path = BMMultiLevelSVF.h; sourceTree = "<group>"; };
		4CC13A042244D80B003FA1B9 /* BMRoundRobinFilter.c */ = {isa = PBXFileReference; fileEncoding = 4; lastKnownFileType = sourcecode.c.c; path = BMRoundRobinFilter.c; sourceTree = "<group>"; };
		4CC13A052244D80B003FA1B9 /* BMDynamicSmoothingFilter.h */ = {isa = PBXFileReference; fileEncoding = 4; lastKnownFileType = sourcecode.c.h; path = BMDynamicSmoothingFilter.h; sourceTree = "<group>"; };
		4CC13A062244D80B003FA1B9 /* BMCrossover.h */ = {isa = PBXFileReference; fileEncoding = 4; lastKnownFileType = sourcecode.c.h; path = BMCrossover.h; sourceTree = "<group>"; };
		4CC13A072244D80B003FA1B9 /* BMFIRFilter.h */ = {isa = PBXFileReference; fileEncoding = 4; lastKnownFileType = sourcecode.c.h; path = BMFIRFilter.h; sourceTree = "<group>"; };
		4CC13A082244D80B003FA1B9 /* BMMultiLevelBiquad.c */ = {isa = PBXFileReference; fileEncoding = 4; lastKnownFileType = sourcecode.c.c; path = BMMultiLevelBiquad.c; sourceTree = "<group>"; };
		4CC13A092244D80B003FA1B9 /* BMRoundRobin.c */ = {isa = PBXFileReference; fileEncoding = 4; lastKnownFileType = sourcecode.c.c; path = BMRoundRobin.c; sourceTree = "<group>"; };
		4CC13A0B2244D80B003FA1B9 /* BMQuadratureOscillator.h */ = {isa = PBXFileReference; fileEncoding = 4; lastKnownFileType = sourcecode.c.h; path = BMQuadratureOscillator.h; sourceTree = "<group>"; };
		4CC13A0C2244D80B003FA1B9 /* BMLFO.c */ = {isa = PBXFileReference; fileEncoding = 4; lastKnownFileType = sourcecode.c.c; path = BMLFO.c; sourceTree = "<group>"; };
		4CC13A0D2244D80B003FA1B9 /* BMOscillatorArray.c */ = {isa = PBXFileReference; fileEncoding = 4; lastKnownFileType = sourcecode.c.c; path = BMOscillatorArray.c; sourceTree = "<group>"; };
		4CC13A0E2244D80B003FA1B9 /* BMQuadratureOscillator.c */ = {isa = PBXFileReference; fileEncoding = 4; lastKnownFileType = sourcecode.c.c; path = BMQuadratureOscillator.c; sourceTree = "<group>"; };
		4CC13A0F2244D80B003FA1B9 /* BMLFO.h */ = {isa = PBXFileReference; fileEncoding = 4; lastKnownFileType = sourcecode.c.h; path = BMLFO.h; sourceTree = "<group>"; };
		4CC13A102244D80B003FA1B9 /* BMOscillatorArray.h */ = {isa = PBXFileReference; fileEncoding = 4; lastKnownFileType = sourcecode.c.h; path = BMOscillatorArray.h; sourceTree = "<group>"; };
		4CC13A122244D80B003FA1B9 /* BMEarlyReflections.c */ = {isa = PBXFileReference; fileEncoding = 4; lastKnownFileType = sourcecode.c.c; path = BMEarlyReflections.c; sourceTree = "<group>"; };
		4CC13A132244D80B003FA1B9 /* BMStaticDelay.h */ = {isa = PBXFileReference; fileEncoding = 4; lastKnownFileType = sourcecode.c.h; path = BMStaticDelay.h; sourceTree = "<group>"; };
		4CC13A142244D80B003FA1B9 /* BMReverb.h */ = {isa = PBXFileReference; fileEncoding = 4; lastKnownFileType = sourcecode.c.h; path = BMReverb.h; sourceTree = "<group>"; };
		4CC13A152244D80B003FA1B9 /* BMMultiTapDelay.h */ = {isa = PBXFileReference; fileEncoding = 4; lastKnownFileType = sourcecode.c.h; path = BMMultiTapDelay.h; sourceTree = "<group>"; };
		4CC13A162244D80B003FA1B9 /* BMInterpolatedDelay.h */ = {isa = PBXFileReference; fileEncoding = 4; lastKnownFileType = sourcecode.c.h; path = BMInterpolatedDelay.h; sourceTree = "<group>"; };
		4CC13A172244D80B003FA1B9 /* TestReverb.c */ = {isa = PBXFileReference; fileEncoding = 4; lastKnownFileType = sourcecode.c.c; path = TestReverb.c; sourceTree = "<group>"; };
		4CC13A182244D80B003FA1B9 /* BMSimpleDelay.c */ = {isa = PBXFileReference; fileEncoding = 4; lastKnownFileType = sourcecode.c.c; path = BMSimpleDelay.c; sourceTree = "<group>"; };
		4CC13A192244D80B003FA1B9 /* BMVelvetNoise.h */ = {isa = PBXFileReference; fileEncoding = 4; lastKnownFileType = sourcecode.c.h; path = BMVelvetNoise.h; sourceTree = "<group>"; };
		4CC13A1A2244D80B003FA1B9 /* BMEarlyReflections.h */ = {isa = PBXFileReference; fileEncoding = 4; lastKnownFileType = sourcecode.c.h; path = BMEarlyReflections.h; sourceTree = "<group>"; };
		4CC13A1B2244D80B003FA1B9 /* BMStaticDelay.c */ = {isa = PBXFileReference; fileEncoding = 4; lastKnownFileType = sourcecode.c.c; path = BMStaticDelay.c; sourceTree = "<group>"; };
		4CC13A1C2244D80B003FA1B9 /* BMMultiTapDelay.c */ = {isa = PBXFileReference; fileEncoding = 4; lastKnownFileType = sourcecode.c.c; path = BMMultiTapDelay.c; sourceTree = "<group>"; };
		4CC13A1D2244D80B003FA1B9 /* BMReverb.c */ = {isa = PBXFileReference; fileEncoding = 4; lastKnownFileType = sourcecode.c.c; path = BMReverb.c; sourceTree = "<group>"; };
		4CC13A1E2244D80B003FA1B9 /* TestReverb.h */ = {isa = PBXFileReference; fileEncoding = 4; lastKnownFileType = sourcecode.c.h; path = TestReverb.h; sourceTree = "<group>"; };
		4CC13A1F2244D80B003FA1B9 /* BMInterpolatedDelay.c */ = {isa = PBXFileReference; fileEncoding = 4; lastKnownFileType = sourcecode.c.c; path = BMInterpolatedDelay.c; sourceTree = "<group>"; };
		4CC13A202244D80B003FA1B9 /* BMVelvetNoise.c */ = {isa = PBXFileReference; fileEncoding = 4; lastKnownFileType = sourcecode.c.c; path = BMVelvetNoise.c; sourceTree = "<group>"; };
		4CC13A212244D80B003FA1B9 /* BMSimpleDelay.h */ = {isa = PBXFileReference; fileEncoding = 4; lastKnownFileType = sourcecode.c.h; path = BMSimpleDelay.h; sourceTree = "<group>"; };
		4CC13A232244D80B003FA1B9 /* BMLagrangeInterpolationTable.c */ = {isa = PBXFileReference; fileEncoding = 4; lastKnownFileType = sourcecode.c.c; path = BMLagrangeInterpolationTable.c; sourceTree = "<group>"; };
		4CC13A242244D80B003FA1B9 /* BMVectorOps.h */ = {isa = PBXFileReference; fileEncoding = 4; lastKnownFileType = sourcecode.c.h; path = BMVectorOps.h; sourceTree = "<group>"; };
		4CC13A252244D80B003FA1B9 /* BMLagrangeInterpolation.c */ = {isa = PBXFileReference; fileEncoding = 4; lastKnownFileType = sourcecode.c.c; path = BMLagrangeInterpolation.c; sourceTree = "<group>"; };
		4CC13A262244D80B003FA1B9 /* BM2x2Matrix.h */ = {isa = PBXFileReference; fileEncoding = 4; lastKnownFileType = sourcecode.c.h; path = BM2x2Matrix.h; sourceTree = "<group>"; };
		4CC13A272244D80B003FA1B9 /* BMLagrangeInterpolationTable.h */ = {isa = PBXFileReference; fileEncoding = 4; lastKnownFileType = sourcecode.c.h; path = BMLagrangeInterpolationTable.h; sourceTree = "<group>"; };
		4CC13A282244D80B003FA1B9 /* BMIntegerMath.h */ = {isa = PBXFileReference; fileEncoding = 4; lastKnownFileType = sourcecode.c.h; path = BMIntegerMath.h; sourceTree = "<group>"; };
		4CC13A2A2244D80B003FA1B9 /* fastsigmoid.h */ = {isa = PBXFileReference; fileEncoding = 4; lastKnownFileType = sourcecode.c.h; path = fastsigmoid.h; sourceTree = "<group>"; };
		4CC13A2B2244D80B003FA1B9 /* fastonebigheader.h */ = {isa = PBXFileReference; fileEncoding = 4; lastKnownFileType = sourcecode.c.h; path = fastonebigheader.h; sourceTree = "<group>"; };
		4CC13A2C2244D80B003FA1B9 /* fasthyperbolic.h */ = {isa = PBXFileReference; fileEncoding = 4; lastKnownFileType = sourcecode.c.h; path = fasthyperbolic.h; sourceTree = "<group>"; };
		4CC13A2D2244D80B003FA1B9 /* fastgamma.h */ = {isa = PBXFileReference; fileEncoding = 4; lastKnownFileType = sourcecode.c.h; path = fastgamma.h; sourceTree = "<group>"; };
		4CC13A2E2244D80B003FA1B9 /* fastpow.h */ = {isa = PBXFileReference; fileEncoding = 4; lastKnownFileType = sourcecode.c.h; path = fastpow.h; sourceTree = "<group>"; };
		4CC13A2F2244D80B003FA1B9 /* fasttrig.h */ = {isa = PBXFileReference; fileEncoding = 4; lastKnownFileType = sourcecode.c.h; path = fasttrig.h; sourceTree = "<group>"; };
		4CC13A302244D80B003FA1B9 /* cast.h */ = {isa = PBXFileReference; fileEncoding = 4; lastKnownFileType = sourcecode.c.h; path = cast.h; sourceTree = "<group>"; };
		4CC13A312244D80B003FA1B9 /* fastexp.h */ = {isa = PBXFileReference; fileEncoding = 4; lastKnownFileType = sourcecode.c.h; path = fastexp.h; sourceTree = "<group>"; };
		4CC13A322244D80B003FA1B9 /* sse.h */ = {isa = PBXFileReference; fileEncoding = 4; lastKnownFileType = sourcecode.c.h; path = sse.h; sourceTree = "<group>"; };
		4CC13A332244D80B003FA1B9 /* fastlambertw.h */ = {isa = PBXFileReference; fileEncoding = 4; lastKnownFileType = sourcecode.c.h; path = fastlambertw.h; sourceTree = "<group>"; };
		4CC13A342244D80B003FA1B9 /* fasterf.h */ = {isa = PBXFileReference; fileEncoding = 4; lastKnownFileType = sourcecode.c.h; path = fasterf.h; sourceTree = "<group>"; };
		4CC13A352244D80B003FA1B9 /* fastlog.h */ = {isa = PBXFileReference; fileEncoding = 4; lastKnownFileType = sourcecode.c.h; path = fastlog.h; sourceTree = "<group>"; };
		4CC13A362244D80B003FA1B9 /* BMComplexMath.h */ = {isa = PBXFileReference; fileEncoding = 4; lastKnownFileType = sourcecode.c.h; path = BMComplexMath.h; sourceTree = "<group>"; };
		4CC13A372244D80B003FA1B9 /* BMFastHadamard.h */ = {isa = PBXFileReference; fileEncoding = 4; lastKnownFileType = sourcecode.c.h; path = BMFastHadamard.h; sourceTree = "<group>"; };
		4CC13A382244D80B003FA1B9 /* BMLagrangeInterpolation.h */ = {isa = PBXFileReference; fileEncoding = 4; lastKnownFileType = sourcecode.c.h; path = BMLagrangeInterpolation.h; sourceTree = "<group>"; };
		4CC13A3A2244D80B003FA1B9 /* BMGetOSVersion.c */ = {isa = PBXFileReference; fileEncoding = 4; lastKnownFileType = sourcecode.c.c; path = BMGetOSVersion.c; sourceTree = "<group>"; };
		4CC13A3B2244D80B003FA1B9 /* BMGetOSVersion.h */ = {isa = PBXFileReference; fileEncoding = 4; lastKnownFileType = sourcecode.c.h; path = BMGetOSVersion.h; sourceTree = "<group>"; };
		4CC13A3C2244D80B003FA1B9 /* Constants.h */ = {isa = PBXFileReference; fileEncoding = 4; lastKnownFileType = sourcecode.c.h; path = Constants.h; sourceTree = "<group>"; };
		4CC13A3E2244D80B003FA1B9 /* BMVibrato.c */ = {isa = PBXFileReference; fileEncoding = 4; lastKnownFileType = sourcecode.c.c; path = BMVibrato.c; sourceTree = "<group>"; };
		4CC13A3F2244D80B003FA1B9 /* BMSpectrum.c */ = {isa = PBXFileReference; fileEncoding = 4; lastKnownFileType = sourcecode.c.c; path = BMSpectrum.c; sourceTree = "<group>"; };
		4CC13A402244D80B003FA1B9 /* BMTremolo.c */ = {isa = PBXFileReference; fileEncoding = 4; lastKnownFileType = sourcecode.c.c; path = BMTremolo.c; sourceTree = "<group>"; };
		4CC13A412244D80B003FA1B9 /* BMStereoWidener.c */ = {isa = PBXFileReference; fileEncoding = 4; lastKnownFileType = sourcecode.c.c; path = BMStereoWidener.c; sourceTree = "<group>"; };
		4CC13A422244D80B003FA1B9 /* BMOffset.h */ = {isa = PBXFileReference; fileEncoding = 4; lastKnownFileType = sourcecode.c.h; path = BMOffset.h; sourceTree = "<group>"; };
		4CC13A432244D80B003FA1B9 /* BMMidSide.h */ = {isa = PBXFileReference; fileEncoding = 4; lastKnownFileType = sourcecode.c.h; path = BMMidSide.h; sourceTree = "<group>"; };
		4CC13A442244D80B003FA1B9 /* BMTremolo.h */ = {isa = PBXFileReference; fileEncoding = 4; lastKnownFileType = sourcecode.c.h; path = BMTremolo.h; sourceTree = "<group>"; };
		4CC13A452244D80B003FA1B9 /* BMSpectrum.h */ = {isa = PBXFileReference; fileEncoding = 4; lastKnownFileType = sourcecode.c.h; path = BMSpectrum.h; sourceTree = "<group>"; };
		4CC13A462244D80B003FA1B9 /* BMVibrato.h */ = {isa = PBXFileReference; fileEncoding = 4; lastKnownFileType = sourcecode.c.h; path = BMVibrato.h; sourceTree = "<group>"; };
		4CC13A472244D80B003FA1B9 /* BMOffset.c */ = {isa = PBXFileReference; fileEncoding = 4; lastKnownFileType = sourcecode.c.c; path = BMOffset.c; sourceTree = "<group>"; };
		4CC13A482244D80B003FA1B9 /* BMStereoWidener.h */ = {isa = PBXFileReference; fileEncoding = 4; lastKnownFileType = sourcecode.c.h; path = BMStereoWidener.h; sourceTree = "<group>"; };
		4CC13A4A2244D80B003FA1B9 /* BMSymmetricConv.h */ = {isa = PBXFileReference; fileEncoding = 4; lastKnownFileType = sourcecode.c.h; path = BMSymmetricConv.h; sourceTree = "<group>"; };
		4CC13A4C2244D80B003FA1B9 /* BMUpsampler.h */ = {isa = PBXFileReference; fileEncoding = 4; lastKnownFileType = sourcecode.c.h; path = BMUpsampler.h; sourceTree = "<group>"; };
		4CC13A4D2244D80B003FA1B9 /* BMDownsampler.h */ = {isa = PBXFileReference; fileEncoding = 4; lastKnownFileType = sourcecode.c.h; path = BMDownsampler.h; sourceTree = "<group>"; };
		4CC13A4F2244D80B003FA1B9 /* BMUpsampler.c */ = {isa = PBXFileReference; fileEncoding = 4; lastKnownFileType = sourcecode.c.c; path = BMUpsampler.c; sourceTree = "<group>"; };
		4CC13A502244D80B003FA1B9 /* BMDownsampler.c */ = {isa = PBXFileReference; fileEncoding = 4; lastKnownFileType = sourcecode.c.c; path = BMDownsampler.c; sourceTree = "<group>"; };
		4CC13A532244D80B003FA1B9 /* BMEnvelopeFollower.c */ = {isa = PBXFileReference; fileEncoding = 4; lastKnownFileType = sourcecode.c.c; path = BMEnvelopeFollower.c; sourceTree = "<group>"; };
		4CC13A542244D80B003FA1B9 /* BMGainStage.c */ = {isa = PBXFileReference; fileEncoding = 4; lastKnownFileType = sourcecode.c.c; path = BMGainStage.c; sourceTree = "<group>"; };
		4CC13A552244D80B003FA1B9 /* BMNoiseGate.c */ = {isa = PBXFileReference; fileEncoding = 4; lastKnownFileType = sourcecode.c.c; path = BMNoiseGate.c; sourceTree = "<group>"; };
		4CC13A562244D80B003FA1B9 /* BMCompressor.c */ = {isa = PBXFileReference; fileEncoding = 4; lastKnownFileType = sourcecode.c.c; path = BMCompressor.c; sourceTree = "<group>"; };
		4CC13A582244D80B003FA1B9 /* BMDCBlocker.c */ = {isa = PBXFileReference; fileEncoding = 4; lastKnownFileType = sourcecode.c.c; path = BMDCBlocker.c; sourceTree = "<group>"; };
		4CC13A592244D80B003FA1B9 /* BMRMSPower.h */ = {isa = PBXFileReference; fileEncoding = 4; lastKnownFileType = sourcecode.c.h; path = BMRMSPower.h; sourceTree = "<group>"; };
		4CC13A5A2244D80B003FA1B9 /* BMEnvelopeFollower.h */ = {isa = PBXFileReference; fileEncoding = 4; lastKnownFileType = sourcecode.c.h; path = BMEnvelopeFollower.h; sourceTree = "<group>"; };
		4CC13A5C2244D80B003FA1B9 /* BMCompressor.h */ = {isa = PBXFileReference; fileEncoding = 4; lastKnownFileType = sourcecode.c.h; path = BMCompressor.h; sourceTree = "<group>"; };
		4CC13A5D2244D80B003FA1B9 /* BMNoiseGate.h */ = {isa = PBXFileReference; fileEncoding = 4; lastKnownFileType = sourcecode.c.h; path = BMNoiseGate.h; sourceTree = "<group>"; };
		4CC13A5E2244D80B003FA1B9 /* BMGainStage.h */ = {isa = PBXFileReference; fileEncoding = 4; lastKnownFileType = sourcecode.c.h; path = BMGainStage.h; sourceTree = "<group>"; };
		4CC13A5F2244D80B003FA1B9 /* BMDCBlocker.h */ = {isa = PBXFileReference; fileEncoding = 4; lastKnownFileType = sourcecode.c.h; path = BMDCBlocker.h; sourceTree = "<group>"; };
		4CC13A602244D80B003FA1B9 /* BMRMSPower.c */ = {isa = PBXFileReference; fileEncoding = 4; lastKnownFileType = sourcecode.c.c; path = BMRMSPower.c; sourceTree = "<group>"; };
		4CC13A622244D80B003FA1B9 /* TPCircularBuffer.h */ = {isa = PBXFileReference; fileEncoding = 4; lastKnownFileType = sourcecode.c.h; path = TPCircularBuffer.h; sourceTree = "<group>"; };
		4CC13A632244D80B003FA1B9 /* TPCircularBuffer+AudioBufferList.c */ = {isa = PBXFileReference; fileEncoding = 4; lastKnownFileType = sourcecode.c.c; path = "TPCircularBuffer+AudioBufferList.c"; sourceTree = "<group>"; };
		4CC13A642244D80B003FA1B9 /* README.markdown */ = {isa = PBXFileReference; fileEncoding = 4; lastKnownFileType = net.daringfireball.markdown; path = README.markdown; sourceTree = "<group>"; };
		4CC13A652244D80B003FA1B9 /* TPCircularBuffer.c */ = {isa = PBXFileReference; fileEncoding = 4; lastKnownFileType = sourcecode.c.c; path = TPCircularBuffer.c; sourceTree = "<group>"; };
		4CC13A662244D80B003FA1B9 /* TPCircularBuffer+AudioBufferList.h */ = {isa = PBXFileReference; fileEncoding = 4; lastKnownFileType = sourcecode.c.h; path = "TPCircularBuffer+AudioBufferList.h"; sourceTree = "<group>"; };
		4CC13A932244D85C003FA1B9 /* BMStereoLagTime.h */ = {isa = PBXFileReference; fileEncoding = 4; lastKnownFileType = sourcecode.c.h; path = BMStereoLagTime.h; sourceTree = "<group>"; };
		4CC13A942244D85C003FA1B9 /* BMStereoLagTime.c */ = {isa = PBXFileReference; fileEncoding = 4; lastKnownFileType = sourcecode.c.c; path = BMStereoLagTime.c; sourceTree = "<group>"; };
/* End PBXFileReference section */

/* Begin PBXFrameworksBuildPhase section */
		4C688A312244CF6700E3B1E6 /* Frameworks */ = {
			isa = PBXFrameworksBuildPhase;
			buildActionMask = 2147483647;
			files = (
			);
			runOnlyForDeploymentPostprocessing = 0;
		};
/* End PBXFrameworksBuildPhase section */

/* Begin PBXGroup section */
		3A3F95C7228E9DC000AD4794 /* Measurement */ = {
			isa = PBXGroup;
			children = (
				3AB4175922A61DBF00AECC6E /* BMLevelMeter.c */,
				3AB4175A22A61DBF00AECC6E /* BMLevelMeter.h */,
				4CC13A602244D80B003FA1B9 /* BMRMSPower.c */,
				4CC13A592244D80B003FA1B9 /* BMRMSPower.h */,
				3AAEA15222B3420B0066D852 /* BMHoldPeak.h */,
				3AAEA15322B3420B0066D852 /* BMHoldPeak.c */,
				4CC13A3F2244D80B003FA1B9 /* BMSpectrum.c */,
				4CC13A452244D80B003FA1B9 /* BMSpectrum.h */,
			);
			path = Measurement;
			sourceTree = "<group>";
		};
		3A6A32A722CF350800DEEDFA /* Recovered References */ = {
			isa = PBXGroup;
			children = (
			);
			name = "Recovered References";
			sourceTree = "<group>";
		};
		4C688A2B2244CF6700E3B1E6 = {
			isa = PBXGroup;
			children = (
				4C688A362244CF6700E3B1E6 /* AudioFiltersXcodeProject */,
				4C688A352244CF6700E3B1E6 /* Products */,
				3A6A32A722CF350800DEEDFA /* Recovered References */,
			);
			sourceTree = "<group>";
		};
		4C688A352244CF6700E3B1E6 /* Products */ = {
			isa = PBXGroup;
			children = (
				4C688A342244CF6700E3B1E6 /* AudioFiltersXcodeProject */,
			);
			name = Products;
			sourceTree = "<group>";
		};
		4C688A362244CF6700E3B1E6 /* AudioFiltersXcodeProject */ = {
			isa = PBXGroup;
			children = (
				4CC139EC2244D80B003FA1B9 /* AudioFiltersSubmodule */,
				4C688A372244CF6700E3B1E6 /* main.c */,
			);
			path = AudioFiltersXcodeProject;
			sourceTree = "<group>";
		};
		4CC139EC2244D80B003FA1B9 /* AudioFiltersSubmodule */ = {
			isa = PBXGroup;
			children = (
				4CC139EE2244D80B003FA1B9 /* AudioFilters */,
			);
			path = AudioFiltersSubmodule;
			sourceTree = SOURCE_ROOT;
		};
		4CC139EE2244D80B003FA1B9 /* AudioFilters */ = {
			isa = PBXGroup;
			children = (
				3A3F95C7228E9DC000AD4794 /* Measurement */,
				4CC139EF2244D80B003FA1B9 /* Filters */,
				4CC13A0A2244D80B003FA1B9 /* Oscillators */,
				4CC13A112244D80B003FA1B9 /* DelayAndReverb */,
				4CC13A222244D80B003FA1B9 /* MathUtilities */,
				4CC13A392244D80B003FA1B9 /* OSUtilities */,
				4CC13A3C2244D80B003FA1B9 /* Constants.h */,
				4CC13A3D2244D80B003FA1B9 /* OtherEffects */,
				4CC13A492244D80B003FA1B9 /* Convolution */,
				4CC13A4B2244D80B003FA1B9 /* SampleRate */,
				4CC13A522244D80B003FA1B9 /* NonlinearGain */,
				4CC13A612244D80B003FA1B9 /* TPCircularBuffer */,
			);
			path = AudioFilters;
			sourceTree = "<group>";
		};
		4CC139EF2244D80B003FA1B9 /* Filters */ = {
			isa = PBXGroup;
			children = (
				4CC13A022244D80B003FA1B9 /* BMBiquadArray.c */,
				4CC139F72244D80B003FA1B9 /* BMBiquadArray.h */,
				4CC139FA2244D80B003FA1B9 /* BMCrossover.c */,
				4CC13A062244D80B003FA1B9 /* BMCrossover.h */,
				4CC13A582244D80B003FA1B9 /* BMDCBlocker.c */,
				4CC13A5F2244D80B003FA1B9 /* BMDCBlocker.h */,
				4CC139F52244D80B003FA1B9 /* BMDiffusion.c */,
				4CC13A012244D80B003FA1B9 /* BMDiffusion.h */,
				4CC139FC2244D80B003FA1B9 /* BMDynamicSmoothingFilter.c */,
				4CC13A052244D80B003FA1B9 /* BMDynamicSmoothingFilter.h */,
				4CC139FB2244D80B003FA1B9 /* BMFIRFilter.c */,
				4CC13A072244D80B003FA1B9 /* BMFIRFilter.h */,
				4CC13A082244D80B003FA1B9 /* BMMultiLevelBiquad.c */,
				4CC139F92244D80B003FA1B9 /* BMMultiLevelBiquad.h */,
				4CC139F62244D80B003FA1B9 /* BMMultiLevelSVF.c */,
				4CC13A032244D80B003FA1B9 /* BMMultiLevelSVF.h */,
				4CC13A092244D80B003FA1B9 /* BMRoundRobin.c */,
				4CC139F82244D80B003FA1B9 /* BMRoundRobin.h */,
				4CC13A042244D80B003FA1B9 /* BMRoundRobinFilter.c */,
				4CC139F42244D80B003FA1B9 /* BMRoundRobinFilter.h */,
				4CC139FD2244D80B003FA1B9 /* BMStereoModulator.c */,
				4CC139F12244D80B003FA1B9 /* BMStereoModulator.h */,
				4CC13A002244D80B003FA1B9 /* BMTNFilter.c */,
				4CC139F32244D80B003FA1B9 /* BMTNFilter.h */,
				3AB41757229F843500AECC6E /* BMVariableFilter.c */,
				3AB41756229F843500AECC6E /* BMVariableFilter.h */,
				4C8E3C9B22F0288E00B17824 /* BMVAStateVariableFilter.c */,
				4C8E3C9A22F0288E00B17824 /* BMVAStateVariableFilter.h */,
				4CC139FF2244D80B003FA1B9 /* BMVelocityFilter.c */,
				4CC139F02244D80B003FA1B9 /* BMVelocityFilter.h */,
				4CC139F22244D80B003FA1B9 /* BMVelvetNoiseDecorrelator.c */,
				4CC139FE2244D80B003FA1B9 /* BMVelvetNoiseDecorrelator.h */,
				3A95396322CB50CD0058A586 /* BMZavalishinLPFOrder1.c */,
				3A95396222CB50CD0058A586 /* BMZavalishinLPFOrder1.h */,
				3A7FDAF5231684170090EC36 /* BMChamberlinSVF.h */,
				3A7FDAF6231684170090EC36 /* BMChamberlinSVF.c */,
			);
			path = Filters;
			sourceTree = "<group>";
		};
		4CC13A0A2244D80B003FA1B9 /* Oscillators */ = {
			isa = PBXGroup;
			children = (
				4CC13A0B2244D80B003FA1B9 /* BMQuadratureOscillator.h */,
				4CC13A0C2244D80B003FA1B9 /* BMLFO.c */,
				4CC13A0D2244D80B003FA1B9 /* BMOscillatorArray.c */,
				4CC13A0E2244D80B003FA1B9 /* BMQuadratureOscillator.c */,
				4CC13A0F2244D80B003FA1B9 /* BMLFO.h */,
				4CC13A102244D80B003FA1B9 /* BMOscillatorArray.h */,
			);
			path = Oscillators;
			sourceTree = "<group>";
		};
		4CC13A112244D80B003FA1B9 /* DelayAndReverb */ = {
			isa = PBXGroup;
			children = (
				4C0FD74C2280186500995864 /* BMBinauralSynthesis.c */,
				4C0FD74B2280186500995864 /* BMBinauralSynthesis.h */,
				4CC13A122244D80B003FA1B9 /* BMEarlyReflections.c */,
				4CC13A1A2244D80B003FA1B9 /* BMEarlyReflections.h */,
				4CC13A1F2244D80B003FA1B9 /* BMInterpolatedDelay.c */,
				4CC13A162244D80B003FA1B9 /* BMInterpolatedDelay.h */,
				4CC13A1C2244D80B003FA1B9 /* BMMultiTapDelay.c */,
				4CC13A152244D80B003FA1B9 /* BMMultiTapDelay.h */,
				4CC13A1D2244D80B003FA1B9 /* BMReverb.c */,
				4CC13A142244D80B003FA1B9 /* BMReverb.h */,
				4CC13A182244D80B003FA1B9 /* BMSimpleDelay.c */,
				4CC13A212244D80B003FA1B9 /* BMSimpleDelay.h */,
				4CC13A1B2244D80B003FA1B9 /* BMStaticDelay.c */,
				4CC13A132244D80B003FA1B9 /* BMStaticDelay.h */,
				4CC13A942244D85C003FA1B9 /* BMStereoLagTime.c */,
				4CC13A932244D85C003FA1B9 /* BMStereoLagTime.h */,
				4CC13A202244D80B003FA1B9 /* BMVelvetNoise.c */,
				4CC13A192244D80B003FA1B9 /* BMVelvetNoise.h */,
				4CC13A172244D80B003FA1B9 /* TestReverb.c */,
				4CC13A1E2244D80B003FA1B9 /* TestReverb.h */,
				3A442EA9232CD881007AE258 /* BMSimpleFDN.h */,
				3A442EAA232CD881007AE258 /* BMSimpleFDN.c */,
			);
			path = DelayAndReverb;
			sourceTree = "<group>";
		};
		4CC13A222244D80B003FA1B9 /* MathUtilities */ = {
			isa = PBXGroup;
			children = (
				4C8E3C9D22F0331D00B17824 /* DspUtilities.h */,
				3A442EAC232CFE4D007AE258 /* BMFFT.h */,
				3A442EAD232CFE4D007AE258 /* BMFFT.c */,
				4C8E3C9E22F0331D00B17824 /* LinearSmoothedValue.h */,
				4CC13A262244D80B003FA1B9 /* BM2x2Matrix.h */,
				4CC13A362244D80B003FA1B9 /* BMComplexMath.h */,
				4CC13A372244D80B003FA1B9 /* BMFastHadamard.h */,
				4CC13A282244D80B003FA1B9 /* BMIntegerMath.h */,
				4CC13A252244D80B003FA1B9 /* BMLagrangeInterpolation.c */,
				4CC13A382244D80B003FA1B9 /* BMLagrangeInterpolation.h */,
				4CC13A232244D80B003FA1B9 /* BMLagrangeInterpolationTable.c */,
				4CC13A272244D80B003FA1B9 /* BMLagrangeInterpolationTable.h */,
				4CC13A242244D80B003FA1B9 /* BMVectorOps.h */,
				4CC13A292244D80B003FA1B9 /* fastApproximation */,
				3A442EAF232D0A3E007AE258 /* BMSFM.h */,
				3A442EB0232D0A3E007AE258 /* BMSFM.c */,
			);
			path = MathUtilities;
			sourceTree = "<group>";
		};
		4CC13A292244D80B003FA1B9 /* fastApproximation */ = {
			isa = PBXGroup;
			children = (
				4CC13A2A2244D80B003FA1B9 /* fastsigmoid.h */,
				4CC13A2B2244D80B003FA1B9 /* fastonebigheader.h */,
				4CC13A2C2244D80B003FA1B9 /* fasthyperbolic.h */,
				4CC13A2D2244D80B003FA1B9 /* fastgamma.h */,
				4CC13A2E2244D80B003FA1B9 /* fastpow.h */,
				4CC13A2F2244D80B003FA1B9 /* fasttrig.h */,
				4CC13A302244D80B003FA1B9 /* cast.h */,
				4CC13A312244D80B003FA1B9 /* fastexp.h */,
				4CC13A322244D80B003FA1B9 /* sse.h */,
				4CC13A332244D80B003FA1B9 /* fastlambertw.h */,
				4CC13A342244D80B003FA1B9 /* fasterf.h */,
				4CC13A352244D80B003FA1B9 /* fastlog.h */,
			);
			path = fastApproximation;
			sourceTree = "<group>";
		};
		4CC13A392244D80B003FA1B9 /* OSUtilities */ = {
			isa = PBXGroup;
			children = (
				4CC13A3A2244D80B003FA1B9 /* BMGetOSVersion.c */,
				4CC13A3B2244D80B003FA1B9 /* BMGetOSVersion.h */,
			);
			path = OSUtilities;
			sourceTree = "<group>";
		};
		4CC13A3D2244D80B003FA1B9 /* OtherEffects */ = {
			isa = PBXGroup;
			children = (
				3AEB17BB228AAA54004C7E4E /* BMSmoothGain.c */,
				3AEB17B8228AAA54004C7E4E /* BMSmoothGain.h */,
				3AEB17B9228AAA54004C7E4E /* BMWetDryMixer.c */,
				3AEB17BA228AAA54004C7E4E /* BMWetDryMixer.h */,
				4CC13A432244D80B003FA1B9 /* BMMidSide.h */,
				4CC13A472244D80B003FA1B9 /* BMOffset.c */,
				4CC13A422244D80B003FA1B9 /* BMOffset.h */,
				4CC13A412244D80B003FA1B9 /* BMStereoWidener.c */,
				4CC13A482244D80B003FA1B9 /* BMStereoWidener.h */,
				4CC13A402244D80B003FA1B9 /* BMTremolo.c */,
				4CC13A442244D80B003FA1B9 /* BMTremolo.h */,
				4CC13A3E2244D80B003FA1B9 /* BMVibrato.c */,
				4CC13A462244D80B003FA1B9 /* BMVibrato.h */,
			);
			path = OtherEffects;
			sourceTree = "<group>";
		};
		4CC13A492244D80B003FA1B9 /* Convolution */ = {
			isa = PBXGroup;
			children = (
				4CC13A4A2244D80B003FA1B9 /* BMSymmetricConv.h */,
			);
			path = Convolution;
			sourceTree = "<group>";
		};
		4CC13A4B2244D80B003FA1B9 /* SampleRate */ = {
			isa = PBXGroup;
			children = (
				4CC13A502244D80B003FA1B9 /* BMDownsampler.c */,
				4CC13A4D2244D80B003FA1B9 /* BMDownsampler.h */,
				3AEEF23C22D88B1800A3C5B5 /* BMHIIRMath.h */,
				3A9E06BF22E1651100ECB53B /* BMIIRDownsampler2x.c */,
				3A9E06C022E1651100ECB53B /* BMIIRDownsampler2x.h */,
				3A9E06C622E1693D00ECB53B /* BMIIRUpsampler2x.c */,
				3A9E06C522E1693D00ECB53B /* BMIIRUpsampler2x.h */,
				3AEEF23A22D8864D00A3C5B5 /* BMPolyphaseIIR2Designer.c */,
				3AEEF23922D8864D00A3C5B5 /* BMPolyphaseIIR2Designer.h */,
				4CC13A4F2244D80B003FA1B9 /* BMUpsampler.c */,
				4CC13A4C2244D80B003FA1B9 /* BMUpsampler.h */,
				3A9E06C822E16FE800ECB53B /* BMInterleaver.h */,
			);
			path = SampleRate;
			sourceTree = "<group>";
		};
		4CC13A522244D80B003FA1B9 /* NonlinearGain */ = {
			isa = PBXGroup;
			children = (
				4CC13A562244D80B003FA1B9 /* BMCompressor.c */,
				4CC13A5C2244D80B003FA1B9 /* BMCompressor.h */,
				4CC13A532244D80B003FA1B9 /* BMEnvelopeFollower.c */,
				4CC13A5A2244D80B003FA1B9 /* BMEnvelopeFollower.h */,
				4CC13A542244D80B003FA1B9 /* BMGainStage.c */,
				4CC13A5E2244D80B003FA1B9 /* BMGainStage.h */,
				4CC13A552244D80B003FA1B9 /* BMNoiseGate.c */,
				4CC13A5D2244D80B003FA1B9 /* BMNoiseGate.h */,
				3AB0E8F822CDB81900B0394F /* BMQuadraticRectifier.c */,
				3AB0E8F722CDB81900B0394F /* BMQuadraticRectifier.h */,
				3A6A32A822CF357300DEEDFA /* BMQuadraticThreshold.c */,
				3AB0E8F522CDB81900B0394F /* BMQuadraticThreshold.h */,
				3A874E9422F157B800B97FC2 /* BMTanhLimiter.c */,
				3A874E9322F157B800B97FC2 /* BMTanhLimiter.h */,
				3AB0E8F622CDB81900B0394F /* BMTransientShaper.c */,
				3AB0E8F922CDB81900B0394F /* BMTransientShaper.h */,
				3AB0E8FF22CDBC8A00B0394F /* BMWaveshaping.c */,
				3AB0E8FE22CDBC8A00B0394F /* BMWaveshaping.h */,
			);
			path = NonlinearGain;
			sourceTree = "<group>";
		};
		4CC13A612244D80B003FA1B9 /* TPCircularBuffer */ = {
			isa = PBXGroup;
			children = (
				4CC13A622244D80B003FA1B9 /* TPCircularBuffer.h */,
				4CC13A632244D80B003FA1B9 /* TPCircularBuffer+AudioBufferList.c */,
				4CC13A642244D80B003FA1B9 /* README.markdown */,
				4CC13A652244D80B003FA1B9 /* TPCircularBuffer.c */,
				4CC13A662244D80B003FA1B9 /* TPCircularBuffer+AudioBufferList.h */,
			);
			path = TPCircularBuffer;
			sourceTree = "<group>";
		};
/* End PBXGroup section */

/* Begin PBXNativeTarget section */
		4C688A332244CF6700E3B1E6 /* AudioFiltersXcodeProject */ = {
			isa = PBXNativeTarget;
			buildConfigurationList = 4C688A3B2244CF6700E3B1E6 /* Build configuration list for PBXNativeTarget "AudioFiltersXcodeProject" */;
			buildPhases = (
				4C688A302244CF6700E3B1E6 /* Sources */,
				4C688A312244CF6700E3B1E6 /* Frameworks */,
				4C688A322244CF6700E3B1E6 /* CopyFiles */,
			);
			buildRules = (
			);
			dependencies = (
			);
			name = AudioFiltersXcodeProject;
			productName = AudioFiltersXcodeProject;
			productReference = 4C688A342244CF6700E3B1E6 /* AudioFiltersXcodeProject */;
			productType = "com.apple.product-type.tool";
		};
/* End PBXNativeTarget section */

/* Begin PBXProject section */
		4C688A2C2244CF6700E3B1E6 /* Project object */ = {
			isa = PBXProject;
			attributes = {
				LastUpgradeCheck = 1010;
				ORGANIZATIONNAME = BlueMangoo;
				TargetAttributes = {
					4C688A332244CF6700E3B1E6 = {
						CreatedOnToolsVersion = 10.1;
					};
				};
			};
			buildConfigurationList = 4C688A2F2244CF6700E3B1E6 /* Build configuration list for PBXProject "AudioFiltersXcodeProject" */;
			compatibilityVersion = "Xcode 9.3";
			developmentRegion = en;
			hasScannedForEncodings = 0;
			knownRegions = (
				en,
			);
			mainGroup = 4C688A2B2244CF6700E3B1E6;
			productRefGroup = 4C688A352244CF6700E3B1E6 /* Products */;
			projectDirPath = "";
			projectRoot = "";
			targets = (
				4C688A332244CF6700E3B1E6 /* AudioFiltersXcodeProject */,
			);
		};
/* End PBXProject section */

/* Begin PBXSourcesBuildPhase section */
		4C688A302244CF6700E3B1E6 /* Sources */ = {
			isa = PBXSourcesBuildPhase;
			buildActionMask = 2147483647;
			files = (
				4CC13A732244D80B003FA1B9 /* BMRoundRobin.c in Sources */,
				3AB0E90022CDBC8A00B0394F /* BMWaveshaping.c in Sources */,
				4CC13A6B2244D80B003FA1B9 /* BMFIRFilter.c in Sources */,
				4C688A382244CF6700E3B1E6 /* main.c in Sources */,
				3A6A32A922CF357300DEEDFA /* BMQuadraticThreshold.c in Sources */,
				3AEEF23B22D8864D00A3C5B5 /* BMPolyphaseIIR2Designer.c in Sources */,
				4CC13A8D2244D80B003FA1B9 /* BMCompressor.c in Sources */,
				4CC13A952244D85C003FA1B9 /* BMStereoLagTime.c in Sources */,
				4CC13A702244D80B003FA1B9 /* BMBiquadArray.c in Sources */,
				3A442EAE232CFE4D007AE258 /* BMFFT.c in Sources */,
				4CC13A6A2244D80B003FA1B9 /* BMCrossover.c in Sources */,
				4CC13A7A2244D80B003FA1B9 /* BMStaticDelay.c in Sources */,
				4CC13A772244D80B003FA1B9 /* BMEarlyReflections.c in Sources */,
				3A442EB1232D0A3E007AE258 /* BMSFM.c in Sources */,
				3AB41758229F843500AECC6E /* BMVariableFilter.c in Sources */,
				4CC13A7D2244D80B003FA1B9 /* BMInterpolatedDelay.c in Sources */,
				3A95396422CB50CD0058A586 /* BMZavalishinLPFOrder1.c in Sources */,
				4CC13A872244D80B003FA1B9 /* BMUpsampler.c in Sources */,
				4CC13A712244D80B003FA1B9 /* BMRoundRobinFilter.c in Sources */,
				4CC13A7B2244D80B003FA1B9 /* BMMultiTapDelay.c in Sources */,
				4CC13A672244D80B003FA1B9 /* BMVelvetNoiseDecorrelator.c in Sources */,
				4CC13A762244D80B003FA1B9 /* BMQuadratureOscillator.c in Sources */,
				4CC13A6D2244D80B003FA1B9 /* BMStereoModulator.c in Sources */,
				4CC13A682244D80B003FA1B9 /* BMDiffusion.c in Sources */,
				3AAEA15422B3420B0066D852 /* BMHoldPeak.c in Sources */,
				3AEB17BC228AAA54004C7E4E /* BMWetDryMixer.c in Sources */,
				3A442EAB232CD881007AE258 /* BMSimpleFDN.c in Sources */,
				4CC13A862244D80B003FA1B9 /* BMOffset.c in Sources */,
				4CC13A742244D80B003FA1B9 /* BMLFO.c in Sources */,
				4CC13A792244D80B003FA1B9 /* BMSimpleDelay.c in Sources */,
				4CC13A6C2244D80B003FA1B9 /* BMDynamicSmoothingFilter.c in Sources */,
				4CC13A852244D80B003FA1B9 /* BMStereoWidener.c in Sources */,
				4CC13A8A2244D80B003FA1B9 /* BMEnvelopeFollower.c in Sources */,
				4CC13A8B2244D80B003FA1B9 /* BMGainStage.c in Sources */,
				3A9E06C722E1693D00ECB53B /* BMIIRUpsampler2x.c in Sources */,
				4C0FD74D2280186500995864 /* BMBinauralSynthesis.c in Sources */,
				4CC13A882244D80B003FA1B9 /* BMDownsampler.c in Sources */,
				4CC13A842244D80B003FA1B9 /* BMTremolo.c in Sources */,
				4CC13A7F2244D80B003FA1B9 /* BMLagrangeInterpolationTable.c in Sources */,
				4CC13A902244D80B003FA1B9 /* BMRMSPower.c in Sources */,
				3AB0E8FC22CDB81900B0394F /* BMQuadraticRectifier.c in Sources */,
				4CC13A8F2244D80B003FA1B9 /* BMDCBlocker.c in Sources */,
				3A874E9522F157B800B97FC2 /* BMTanhLimiter.c in Sources */,
				3A9E06C122E1651100ECB53B /* BMIIRDownsampler2x.c in Sources */,
				4CC13A8C2244D80B003FA1B9 /* BMNoiseGate.c in Sources */,
				4CC13A6E2244D80B003FA1B9 /* BMVelocityFilter.c in Sources */,
				4CC13A7C2244D80B003FA1B9 /* BMReverb.c in Sources */,
				3A7FDAF7231684170090EC36 /* BMChamberlinSVF.c in Sources */,
				4CC13A922244D80B003FA1B9 /* TPCircularBuffer.c in Sources */,
				3AB0E8FB22CDB81900B0394F /* BMTransientShaper.c in Sources */,
				4C8E3C9C22F0288E00B17824 /* BMVAStateVariableFilter.c in Sources */,
				4CC13A782244D80B003FA1B9 /* TestReverb.c in Sources */,
				4CC13A722244D80B003FA1B9 /* BMMultiLevelBiquad.c in Sources */,
				4CC13A822244D80B003FA1B9 /* BMVibrato.c in Sources */,
				4CC13A7E2244D80B003FA1B9 /* BMVelvetNoise.c in Sources */,
				4CC13A912244D80B003FA1B9 /* TPCircularBuffer+AudioBufferList.c in Sources */,
				4CC13A6F2244D80B003FA1B9 /* BMTNFilter.c in Sources */,
				4CC13A812244D80B003FA1B9 /* BMGetOSVersion.c in Sources */,
				4CC13A752244D80B003FA1B9 /* BMOscillatorArray.c in Sources */,
				4CC13A832244D80B003FA1B9 /* BMSpectrum.c in Sources */,
				4CC13A802244D80B003FA1B9 /* BMLagrangeInterpolation.c in Sources */,
				4CC13A692244D80B003FA1B9 /* BMMultiLevelSVF.c in Sources */,
				3AB4175B22A61DBF00AECC6E /* BMLevelMeter.c in Sources */,
				3AEB17BD228AAA54004C7E4E /* BMSmoothGain.c in Sources */,
			);
			runOnlyForDeploymentPostprocessing = 0;
		};
/* End PBXSourcesBuildPhase section */

/* Begin XCBuildConfiguration section */
		4C688A392244CF6700E3B1E6 /* Debug */ = {
			isa = XCBuildConfiguration;
			buildSettings = {
				ALWAYS_SEARCH_USER_PATHS = NO;
				CLANG_ANALYZER_NONNULL = YES;
				CLANG_ANALYZER_NUMBER_OBJECT_CONVERSION = YES_AGGRESSIVE;
				CLANG_CXX_LANGUAGE_STANDARD = "gnu++14";
				CLANG_CXX_LIBRARY = "libc++";
				CLANG_ENABLE_MODULES = YES;
				CLANG_ENABLE_OBJC_ARC = YES;
				CLANG_ENABLE_OBJC_WEAK = YES;
				CLANG_WARN_BLOCK_CAPTURE_AUTORELEASING = YES;
				CLANG_WARN_BOOL_CONVERSION = YES;
				CLANG_WARN_COMMA = YES;
				CLANG_WARN_CONSTANT_CONVERSION = YES;
				CLANG_WARN_DEPRECATED_OBJC_IMPLEMENTATIONS = YES;
				CLANG_WARN_DIRECT_OBJC_ISA_USAGE = YES_ERROR;
				CLANG_WARN_DOCUMENTATION_COMMENTS = YES;
				CLANG_WARN_EMPTY_BODY = YES;
				CLANG_WARN_ENUM_CONVERSION = YES;
				CLANG_WARN_INFINITE_RECURSION = YES;
				CLANG_WARN_INT_CONVERSION = YES;
				CLANG_WARN_NON_LITERAL_NULL_CONVERSION = YES;
				CLANG_WARN_OBJC_IMPLICIT_RETAIN_SELF = YES;
				CLANG_WARN_OBJC_LITERAL_CONVERSION = YES;
				CLANG_WARN_OBJC_ROOT_CLASS = YES_ERROR;
				CLANG_WARN_RANGE_LOOP_ANALYSIS = YES;
				CLANG_WARN_STRICT_PROTOTYPES = YES;
				CLANG_WARN_SUSPICIOUS_MOVE = YES;
				CLANG_WARN_UNGUARDED_AVAILABILITY = YES_AGGRESSIVE;
				CLANG_WARN_UNREACHABLE_CODE = YES;
				CLANG_WARN__DUPLICATE_METHOD_MATCH = YES;
				CODE_SIGN_IDENTITY = "Mac Developer";
				COPY_PHASE_STRIP = NO;
				DEBUG_INFORMATION_FORMAT = dwarf;
				ENABLE_STRICT_OBJC_MSGSEND = YES;
				ENABLE_TESTABILITY = YES;
				GCC_C_LANGUAGE_STANDARD = gnu11;
				GCC_DYNAMIC_NO_PIC = NO;
				GCC_NO_COMMON_BLOCKS = YES;
				GCC_OPTIMIZATION_LEVEL = 0;
				GCC_PREPROCESSOR_DEFINITIONS = (
					"DEBUG=1",
					"$(inherited)",
				);
				GCC_WARN_64_TO_32_BIT_CONVERSION = YES;
				GCC_WARN_ABOUT_RETURN_TYPE = YES_ERROR;
				GCC_WARN_UNDECLARED_SELECTOR = YES;
				GCC_WARN_UNINITIALIZED_AUTOS = YES_AGGRESSIVE;
				GCC_WARN_UNUSED_FUNCTION = YES;
				GCC_WARN_UNUSED_VARIABLE = YES;
				MACOSX_DEPLOYMENT_TARGET = 10.14;
				MTL_ENABLE_DEBUG_INFO = INCLUDE_SOURCE;
				MTL_FAST_MATH = YES;
				ONLY_ACTIVE_ARCH = YES;
				SDKROOT = macosx;
			};
			name = Debug;
		};
		4C688A3A2244CF6700E3B1E6 /* Release */ = {
			isa = XCBuildConfiguration;
			buildSettings = {
				ALWAYS_SEARCH_USER_PATHS = NO;
				CLANG_ANALYZER_NONNULL = YES;
				CLANG_ANALYZER_NUMBER_OBJECT_CONVERSION = YES_AGGRESSIVE;
				CLANG_CXX_LANGUAGE_STANDARD = "gnu++14";
				CLANG_CXX_LIBRARY = "libc++";
				CLANG_ENABLE_MODULES = YES;
				CLANG_ENABLE_OBJC_ARC = YES;
				CLANG_ENABLE_OBJC_WEAK = YES;
				CLANG_WARN_BLOCK_CAPTURE_AUTORELEASING = YES;
				CLANG_WARN_BOOL_CONVERSION = YES;
				CLANG_WARN_COMMA = YES;
				CLANG_WARN_CONSTANT_CONVERSION = YES;
				CLANG_WARN_DEPRECATED_OBJC_IMPLEMENTATIONS = YES;
				CLANG_WARN_DIRECT_OBJC_ISA_USAGE = YES_ERROR;
				CLANG_WARN_DOCUMENTATION_COMMENTS = YES;
				CLANG_WARN_EMPTY_BODY = YES;
				CLANG_WARN_ENUM_CONVERSION = YES;
				CLANG_WARN_INFINITE_RECURSION = YES;
				CLANG_WARN_INT_CONVERSION = YES;
				CLANG_WARN_NON_LITERAL_NULL_CONVERSION = YES;
				CLANG_WARN_OBJC_IMPLICIT_RETAIN_SELF = YES;
				CLANG_WARN_OBJC_LITERAL_CONVERSION = YES;
				CLANG_WARN_OBJC_ROOT_CLASS = YES_ERROR;
				CLANG_WARN_RANGE_LOOP_ANALYSIS = YES;
				CLANG_WARN_STRICT_PROTOTYPES = YES;
				CLANG_WARN_SUSPICIOUS_MOVE = YES;
				CLANG_WARN_UNGUARDED_AVAILABILITY = YES_AGGRESSIVE;
				CLANG_WARN_UNREACHABLE_CODE = YES;
				CLANG_WARN__DUPLICATE_METHOD_MATCH = YES;
				CODE_SIGN_IDENTITY = "Mac Developer";
				COPY_PHASE_STRIP = NO;
				DEBUG_INFORMATION_FORMAT = "dwarf-with-dsym";
				ENABLE_NS_ASSERTIONS = NO;
				ENABLE_STRICT_OBJC_MSGSEND = YES;
				GCC_C_LANGUAGE_STANDARD = gnu11;
				GCC_NO_COMMON_BLOCKS = YES;
				GCC_WARN_64_TO_32_BIT_CONVERSION = YES;
				GCC_WARN_ABOUT_RETURN_TYPE = YES_ERROR;
				GCC_WARN_UNDECLARED_SELECTOR = YES;
				GCC_WARN_UNINITIALIZED_AUTOS = YES_AGGRESSIVE;
				GCC_WARN_UNUSED_FUNCTION = YES;
				GCC_WARN_UNUSED_VARIABLE = YES;
				MACOSX_DEPLOYMENT_TARGET = 10.14;
				MTL_ENABLE_DEBUG_INFO = NO;
				MTL_FAST_MATH = YES;
				SDKROOT = macosx;
			};
			name = Release;
		};
		4C688A3C2244CF6700E3B1E6 /* Debug */ = {
			isa = XCBuildConfiguration;
			buildSettings = {
				CODE_SIGN_STYLE = Automatic;
				DEVELOPMENT_TEAM = A8UU6B3KC9;
				PRODUCT_NAME = "$(TARGET_NAME)";
			};
			name = Debug;
		};
		4C688A3D2244CF6700E3B1E6 /* Release */ = {
			isa = XCBuildConfiguration;
			buildSettings = {
				CODE_SIGN_STYLE = Automatic;
				DEVELOPMENT_TEAM = A8UU6B3KC9;
				PRODUCT_NAME = "$(TARGET_NAME)";
			};
			name = Release;
		};
/* End XCBuildConfiguration section */

/* Begin XCConfigurationList section */
		4C688A2F2244CF6700E3B1E6 /* Build configuration list for PBXProject "AudioFiltersXcodeProject" */ = {
			isa = XCConfigurationList;
			buildConfigurations = (
				4C688A392244CF6700E3B1E6 /* Debug */,
				4C688A3A2244CF6700E3B1E6 /* Release */,
			);
			defaultConfigurationIsVisible = 0;
			defaultConfigurationName = Release;
		};
		4C688A3B2244CF6700E3B1E6 /* Build configuration list for PBXNativeTarget "AudioFiltersXcodeProject" */ = {
			isa = XCConfigurationList;
			buildConfigurations = (
				4C688A3C2244CF6700E3B1E6 /* Debug */,
				4C688A3D2244CF6700E3B1E6 /* Release */,
			);
			defaultConfigurationIsVisible = 0;
			defaultConfigurationName = Release;
		};
/* End XCConfigurationList section */
	};
	rootObject = 4C688A2C2244CF6700E3B1E6 /* Project object */;
}
